<Solution>
  <Project Path="EaIdleWebsite/EaIdleWebsite.csproj" Id="dae8e274-eeb0-4ce6-8a02-bc33ca0fbf8e" />
  <Project Path="Ea_API/Ea_API.csproj" Id="d351ed49-669f-40df-886a-dfda9a169c29" />
  <Project Path="Ea_Idle_Tests/Ea_Idle_Tests.csproj" Id="d933d11f-368e-4d38-92cc-9ea1d415c83a">
    <Build Solution="Debug|*" Project="false" />
  </Project>
</Solution>
